
Microsoft Visual Studio Solution File, Format Version 12.00
# Visual Studio Version 16
VisualStudioVersion = 16.0.30011.22
MinimumVisualStudioVersion = 10.0.40219.1
Project("{FAE04EC0-301F-11D3-BF4B-00C04F79EFBC}") = "WebTeam.Utility.ShortenUrl", "WebTeam.Utility.ShortenUrl\WebTeam.Utility.ShortenUrl.csproj", "{9C35787B-8FDD-43AA-89C1-805AD43707D8}"
EndProject
Global
	GlobalSection(SolutionConfigurationPlatforms) = preSolution
		Debug|Any CPU = Debug|Any CPU
		Release|Any CPU = Release|Any CPU
	EndGlobalSection
	GlobalSection(ProjectConfigurationPlatforms) = postSolution
		{9C35787B-8FDD-43AA-89C1-805AD43707D8}.Debug|Any CPU.ActiveCfg = Debug|Any CPU
		{9C35787B-8FDD-43AA-89C1-805AD43707D8}.Debug|Any CPU.Build.0 = Debug|Any CPU
		{9C35787B-8FDD-43AA-89C1-805AD43707D8}.Release|Any CPU.ActiveCfg = Release|Any CPU
		{9C35787B-8FDD-43AA-89C1-805AD43707D8}.Release|Any CPU.Build.0 = Release|Any CPU
	EndGlobalSection
	GlobalSection(SolutionProperties) = preSolution
		HideSolutionNode = FALSE
	EndGlobalSection
	GlobalSection(ExtensibilityGlobals) = postSolution
		SolutionGuid = {8EFD08D2-AB7C-4B61-8C94-59AAB7C84485}
	EndGlobalSection
EndGlobal
